{
  "name": "epubeedownloader",
  "version": "1.0.0",
  "lockfileVersion": 1,
  "requires": true,
  "dependencies": {
    "@sindresorhus/is": {
      "version": "0.7.0",
      "resolved": "https://registry.npm.taobao.org/@sindresorhus/is/download/@sindresorhus/is-0.7.0.tgz",
      "integrity": "sha1-mgb08TfuhNffBGDB/bETX/psUP0="
    },
    "@types/node": {
      "version": "13.1.0",
      "resolved": "https://registry.npm.taobao.org/@types/node/download/@types/node-13.1.0.tgz?cache=0&sync_timestamp=1577119989684&other_urls=https%3A%2F%2Fregistry.npm.taobao.org%2F%40types%2Fnode%2Fdownload%2F%40types%2Fnode-13.1.0.tgz",
      "integrity": "sha1-Ily6rF/bK5rGUbAsBw2Ko8N8yBI="
    },
    "async-limiter": {
      "version": "1.0.1",
      "resolved": "https://registry.npm.taobao.org/async-limiter/download/async-limiter-1.0.1.tgz?cache=0&other_urls=https%3A%2F%2Fregistry.npm.taobao.org%2Fasync-limiter%2Fdownload%2Fasync-limiter-1.0.1.tgz",
      "integrity": "sha1-3TeelPDbgxCwgpH51kwyCXZmF/0="
    },
    "asynckit": {
      "version": "0.4.0",
      "resolved": "https://registry.npm.taobao.org/asynckit/download/asynckit-0.4.0.tgz",
      "integrity": "sha1-x57Zf380y48robyXkLzDZkdLS3k="
    },
    "aws-sdk": {
      "version": "2.596.0",
      "resolved": "https://registry.npmmirror.com/aws-sdk/-/aws-sdk-2.596.0.tgz",
      "integrity": "sha512-Bp+gyqhLw8tK4sgM1v1PDSw26H1mSXs6yhQInmGzDKqXJor6UyUb9JskFv0zC/bA84XizlshN1BBIgINqk6pNg==",
      "requires": {
        "buffer": "4.9.1",
        "events": "1.1.1",
        "ieee754": "1.1.13",
        "jmespath": "0.15.0",
        "querystring": "0.2.0",
        "sax": "1.2.1",
        "url": "0.10.3",
        "uuid": "3.3.2",
        "xml2js": "0.4.19"
      }
    },
    "balanced-match": {
      "version": "1.0.0",
      "resolved": "https://registry.npm.taobao.org/balanced-match/download/balanced-match-1.0.0.tgz",
      "integrity": "sha1-ibTRmasr7kneFk6gK4nORi1xt2c="
    },
    "base64-js": {
      "version": "1.3.1",
      "resolved": "https://registry.npm.taobao.org/base64-js/download/base64-js-1.3.1.tgz",
      "integrity": "sha1-WOzoy3XdB+ce0IxzarxfrE2/jfE="
    },
    "bl": {
      "version": "1.2.2",
      "resolved": "https://registry.npm.taobao.org/bl/download/bl-1.2.2.tgz?cache=0&sync_timestamp=1568859135081&other_urls=https%3A%2F%2Fregistry.npm.taobao.org%2Fbl%2Fdownload%2Fbl-1.2.2.tgz",
      "integrity": "sha1-oWCRFxcQPAdBDO9j71Gzl8Alr5w=",
      "requires": {
        "readable-stream": "2.3.6",
        "safe-buffer": "5.1.2"
      }
    },
    "bluebird": {
      "version": "3.7.2",
      "resolved": "https://registry.npm.taobao.org/bluebird/download/bluebird-3.7.2.tgz?cache=0&other_urls=https%3A%2F%2Fregistry.npm.taobao.org%2Fbluebird%2Fdownload%2Fbluebird-3.7.2.tgz",
      "integrity": "sha1-nyKcFb4nJFT/qXOs4NvueaGww28="
    },
    "brace-expansion": {
      "version": "1.1.11",
      "resolved": "https://registry.npm.taobao.org/brace-expansion/download/brace-expansion-1.1.11.tgz",
      "integrity": "sha1-PH/L9SnYcibz0vUrlm/1Jx60Qd0=",
      "requires": {
        "balanced-match": "1.0.0",
        "concat-map": "0.0.1"
      }
    },
    "buffer": {
      "version": "4.9.1",
      "resolved": "https://registry.npm.taobao.org/buffer/download/buffer-4.9.1.tgz",
      "integrity": "sha1-bRu2AbB6TvztlwlBMgkwJ8lbwpg=",
      "requires": {
        "base64-js": "1.3.1",
        "ieee754": "1.1.13",
        "isarray": "1.0.0"
      }
    },
    "buffer-from": {
      "version": "1.1.1",
      "resolved": "https://registry.npm.taobao.org/buffer-from/download/buffer-from-1.1.1.tgz",
      "integrity": "sha1-MnE7wCj3XAL9txDXx7zsHyxgcO8="
    },
    "cacheable-request": {
      "version": "2.1.4",
      "resolved": "https://registry.npm.taobao.org/cacheable-request/download/cacheable-request-2.1.4.tgz",
      "integrity": "sha1-DYCIAbY0KtM8kd+dC0TcCbkeXD0=",
      "requires": {
        "clone-response": "1.0.2",
        "get-stream": "3.0.0",
        "http-cache-semantics": "3.8.1",
        "keyv": "3.0.0",
        "lowercase-keys": "1.0.0",
        "normalize-url": "2.0.1",
        "responselike": "1.0.2"
      },
      "dependencies": {
        "lowercase-keys": {
          "version": "1.0.0",
          "resolved": "https://registry.npm.taobao.org/lowercase-keys/download/lowercase-keys-1.0.0.tgz",
          "integrity": "sha1-TjNms55/VFfjXxMkvfb4jQv8cwY="
        }
      }
    },
    "callback-stream": {
      "version": "1.1.0",
      "resolved": "https://registry.npm.taobao.org/callback-stream/download/callback-stream-1.1.0.tgz",
      "integrity": "sha1-RwGlEmbwbgbqpx/BcjOCLYdfSQg=",
      "requires": {
        "inherits": "2.0.4",
        "readable-stream": "2.3.6"
      }
    },
    "chrome-launcher": {
      "version": "0.10.7",
      "resolved": "https://registry.npm.taobao.org/chrome-launcher/download/chrome-launcher-0.10.7.tgz",
      "integrity": "sha1-XiqemfIS4FAdnHAkgCrNAagS9dU=",
      "requires": {
        "@types/node": "13.1.0",
        "is-wsl": "1.1.0",
        "lighthouse-logger": "1.2.0",
        "mkdirp": "0.5.1",
        "rimraf": "2.7.1"
      }
    },
    "chrome-remote-interface": {
      "version": "0.25.7",
      "resolved": "https://registry.npm.taobao.org/chrome-remote-interface/download/chrome-remote-interface-0.25.7.tgz",
      "integrity": "sha1-gn6F++88xWGp7yQE637uNVloxbw=",
      "requires": {
        "commander": "2.11.0",
        "ws": "3.3.3"
      }
    },
    "chromeless": {
      "version": "1.5.2",
      "resolved": "https://registry.npm.taobao.org/chromeless/download/chromeless-1.5.2.tgz",
      "integrity": "sha1-BkAqtNKa8nn8CAgHyN7GWyNmOHQ=",
      "requires": {
        "aws-sdk": "2.596.0",
        "bluebird": "3.7.2",
        "chrome-launcher": "0.10.7",
        "chrome-remote-interface": "0.25.7",
        "cuid": "2.1.8",
        "form-data": "2.5.1",
        "got": "8.3.2",
        "mqtt": "2.18.8"
      }
    },
    "clone-response": {
      "version": "1.0.2",
      "resolved": "https://registry.npm.taobao.org/clone-response/download/clone-response-1.0.2.tgz",
      "integrity": "sha1-0dyXOSAxTfZ/vrlCI7TuNQI56Ws=",
      "requires": {
        "mimic-response": "1.0.1"
      }
    },
    "combined-stream": {
      "version": "1.0.8",
      "resolved": "https://registry.npm.taobao.org/combined-stream/download/combined-stream-1.0.8.tgz",
      "integrity": "sha1-w9RaizT9cwYxoRCoolIGgrMdWn8=",
      "requires": {
        "delayed-stream": "1.0.0"
      }
    },
    "commander": {
      "version": "2.11.0",
      "resolved": "https://registry.npm.taobao.org/commander/download/commander-2.11.0.tgz?cache=0&sync_timestamp=1573464098030&other_urls=https%3A%2F%2Fregistry.npm.taobao.org%2Fcommander%2Fdownload%2Fcommander-2.11.0.tgz",
      "integrity": "sha1-FXFS/R56bI2YpbcVzzdt+SgARWM="
    },
    "commist": {
      "version": "1.1.0",
      "resolved": "https://registry.npm.taobao.org/commist/download/commist-1.1.0.tgz",
      "integrity": "sha1-F4EexpePbBXuTegMRcm+t3zuNdU=",
      "requires": {
        "leven": "2.1.0",
        "minimist": "1.2.0"
      },
      "dependencies": {
        "minimist": {
          "version": "1.2.0",
          "resolved": "https://registry.npm.taobao.org/minimist/download/minimist-1.2.0.tgz",
          "integrity": "sha1-o1AIsg9BOD7sH7kU9M1d95omQoQ="
        }
      }
    },
    "concat-map": {
      "version": "0.0.1",
      "resolved": "https://registry.npm.taobao.org/concat-map/download/concat-map-0.0.1.tgz",
      "integrity": "sha1-2Klr13/Wjfd5OnMDajug1UBdR3s="
    },
    "concat-stream": {
      "version": "1.6.2",
      "resolved": "https://registry.npm.taobao.org/concat-stream/download/concat-stream-1.6.2.tgz",
      "integrity": "sha1-kEvfGUzTEi/Gdcd/xKw9T/D9GjQ=",
      "requires": {
        "buffer-from": "1.1.1",
        "inherits": "2.0.4",
        "readable-stream": "2.3.6",
        "typedarray": "0.0.6"
      }
    },
    "core-util-is": {
      "version": "1.0.2",
      "resolved": "https://registry.npm.taobao.org/core-util-is/download/core-util-is-1.0.2.tgz",
      "integrity": "sha1-tf1UIgqivFq1eqtxQMlAdUUDwac="
    },
    "cron-parser": {
      "version": "2.13.0",
      "resolved": "https://registry.npm.taobao.org/cron-parser/download/cron-parser-2.13.0.tgz?cache=0&other_urls=https%3A%2F%2Fregistry.npm.taobao.org%2Fcron-parser%2Fdownload%2Fcron-parser-2.13.0.tgz",
      "integrity": "sha1-b5MLtvKTF5DSqe7IOz7CduJ6ZyU=",
      "requires": {
        "is-nan": "1.3.0",
        "moment-timezone": "0.5.27"
      }
    },
    "cuid": {
      "version": "2.1.8",
      "resolved": "https://registry.npm.taobao.org/cuid/download/cuid-2.1.8.tgz",
      "integrity": "sha1-y7iPlUFx4NV0dgbAE5+2XFEB6sA="
    },
    "d": {
      "version": "1.0.1",
      "resolved": "https://registry.npm.taobao.org/d/download/d-1.0.1.tgz",
      "integrity": "sha1-hpgJU3LVjb7jRv/Qxwk/mfj561o=",
      "requires": {
        "es5-ext": "0.10.53",
        "type": "1.2.0"
      }
    },
    "debug": {
      "version": "2.6.9",
      "resolved": "https://registry.npm.taobao.org/debug/download/debug-2.6.9.tgz",
      "integrity": "sha1-XRKFFd8TT/Mn6QpMk/Tgd6U2NB8=",
      "requires": {
        "ms": "2.0.0"
      }
    },
    "decode-uri-component": {
      "version": "0.2.0",
      "resolved": "https://registry.npm.taobao.org/decode-uri-component/download/decode-uri-component-0.2.0.tgz",
      "integrity": "sha1-6zkTMzRYd1y4TNGh+uBiEGu4dUU="
    },
    "decompress-response": {
      "version": "3.3.0",
      "resolved": "https://registry.npm.taobao.org/decompress-response/download/decompress-response-3.3.0.tgz",
      "integrity": "sha1-gKTdMjdIOEv6JICDYirt7Jgq3/M=",
      "requires": {
        "mimic-response": "1.0.1"
      }
    },
    "define-properties": {
      "version": "1.1.3",
      "resolved": "https://registry.npm.taobao.org/define-properties/download/define-properties-1.1.3.tgz",
      "integrity": "sha1-z4jabL7ib+bbcJT2HYcMvYTO6fE=",
      "requires": {
        "object-keys": "1.1.1"
      }
    },
    "delayed-stream": {
      "version": "1.0.0",
      "resolved": "https://registry.npm.taobao.org/delayed-stream/download/delayed-stream-1.0.0.tgz",
      "integrity": "sha1-3zrhmayt+31ECqrgsp4icrJOxhk="
    },
    "duplexer3": {
      "version": "0.1.4",
      "resolved": "https://registry.npm.taobao.org/duplexer3/download/duplexer3-0.1.4.tgz",
      "integrity": "sha1-7gHdHKwO08vH/b6jfcCo8c4ALOI="
    },
    "duplexify": {
      "version": "3.7.1",
      "resolved": "https://registry.npm.taobao.org/duplexify/download/duplexify-3.7.1.tgz",
      "integrity": "sha1-Kk31MX9sz9kfhtb9JdjYoQO4gwk=",
      "requires": {
        "end-of-stream": "1.4.4",
        "inherits": "2.0.4",
        "readable-stream": "2.3.6",
        "stream-shift": "1.0.1"
      }
    },
    "end-of-stream": {
      "version": "1.4.4",
      "resolved": "https://registry.npm.taobao.org/end-of-stream/download/end-of-stream-1.4.4.tgz",
      "integrity": "sha1-WuZKX0UFe682JuwU2gyl5LJDHrA=",
      "requires": {
        "once": "1.4.0"
      }
    },
    "es5-ext": {
      "version": "0.10.53",
      "resolved": "https://registry.npm.taobao.org/es5-ext/download/es5-ext-0.10.53.tgz?cache=0&sync_timestamp=1574353320154&other_urls=https%3A%2F%2Fregistry.npm.taobao.org%2Fes5-ext%2Fdownload%2Fes5-ext-0.10.53.tgz",
      "integrity": "sha1-k8WjrP2+8nUiCtcmRK0C7hg2jeE=",
      "requires": {
        "es6-iterator": "2.0.3",
        "es6-symbol": "3.1.3",
        "next-tick": "1.0.0"
      }
    },
    "es6-iterator": {
      "version": "2.0.3",
      "resolved": "https://registry.npm.taobao.org/es6-iterator/download/es6-iterator-2.0.3.tgz",
      "integrity": "sha1-p96IkUGgWpSwhUQDstCg+/qY87c=",
      "requires": {
        "d": "1.0.1",
        "es5-ext": "0.10.53",
        "es6-symbol": "3.1.3"
      }
    },
    "es6-map": {
      "version": "0.1.5",
      "resolved": "https://registry.npm.taobao.org/es6-map/download/es6-map-0.1.5.tgz",
      "integrity": "sha1-kTbgUD3MBqMBaQ8LsU/042TpSfA=",
      "requires": {
        "d": "1.0.1",
        "es5-ext": "0.10.53",
        "es6-iterator": "2.0.3",
        "es6-set": "0.1.5",
        "es6-symbol": "3.1.3",
        "event-emitter": "0.3.5"
      }
    },
    "es6-set": {
      "version": "0.1.5",
      "resolved": "https://registry.npm.taobao.org/es6-set/download/es6-set-0.1.5.tgz",
      "integrity": "sha1-0rPsXU2ADO2BjbU40ol02wpzzLE=",
      "requires": {
        "d": "1.0.1",
        "es5-ext": "0.10.53",
        "es6-iterator": "2.0.3",
        "es6-symbol": "3.1.1",
        "event-emitter": "0.3.5"
      },
      "dependencies": {
        "es6-symbol": {
          "version": "3.1.1",
          "resolved": "https://registry.npm.taobao.org/es6-symbol/download/es6-symbol-3.1.1.tgz",
          "integrity": "sha1-vwDvT9q2uhtG7Le2KbTH7VcVzHc=",
          "requires": {
            "d": "1.0.1",
            "es5-ext": "0.10.53"
          }
        }
      }
    },
    "es6-symbol": {
      "version": "3.1.3",
      "resolved": "https://registry.npm.taobao.org/es6-symbol/download/es6-symbol-3.1.3.tgz",
      "integrity": "sha1-utXTwbzawoJp9MszHkMceKxwXRg=",
      "requires": {
        "d": "1.0.1",
        "ext": "1.4.0"
      }
    },
    "event-emitter": {
      "version": "0.3.5",
      "resolved": "https://registry.npm.taobao.org/event-emitter/download/event-emitter-0.3.5.tgz",
      "integrity": "sha1-34xp7vFkeSPHFXuc6DhAYQsCzDk=",
      "requires": {
        "d": "1.0.1",
        "es5-ext": "0.10.53"
      }
    },
    "events": {
      "version": "1.1.1",
      "resolved": "https://registry.npm.taobao.org/events/download/events-1.1.1.tgz",
      "integrity": "sha1-nr23Y1rQmccNzEwqH1AEKI6L2SQ="
    },
    "ext": {
      "version": "1.4.0",
      "resolved": "https://registry.npm.taobao.org/ext/download/ext-1.4.0.tgz",
      "integrity": "sha1-ia56BxWPedNVF4gpBDJAd+Q3kkQ=",
      "requires": {
        "type": "2.0.0"
      },
      "dependencies": {
        "type": {
          "version": "2.0.0",
          "resolved": "https://registry.npm.taobao.org/type/download/type-2.0.0.tgz",
          "integrity": "sha1-Xxb/bvLrRPJgSU2uJxAzspwJqcM="
        }
      }
    },
    "extend": {
      "version": "3.0.2",
      "resolved": "https://registry.npm.taobao.org/extend/download/extend-3.0.2.tgz",
      "integrity": "sha1-+LETa0Bx+9jrFAr/hYsQGewpFfo="
    },
    "form-data": {
      "version": "2.5.1",
      "resolved": "https://registry.npm.taobao.org/form-data/download/form-data-2.5.1.tgz",
      "integrity": "sha1-8svsV7XlniNxbhKP5E1OXdI4lfQ=",
      "requires": {
        "asynckit": "0.4.0",
        "combined-stream": "1.0.8",
        "mime-types": "2.1.25"
      }
    },
    "from2": {
      "version": "2.3.0",
      "resolved": "https://registry.npm.taobao.org/from2/download/from2-2.3.0.tgz",
      "integrity": "sha1-i/tVAr3kpNNs/e6gB/zKIdfjgq8=",
      "requires": {
        "inherits": "2.0.4",
        "readable-stream": "2.3.6"
      }
    },
    "fs.realpath": {
      "version": "1.0.0",
      "resolved": "https://registry.npm.taobao.org/fs.realpath/download/fs.realpath-1.0.0.tgz",
      "integrity": "sha1-FQStJSMVjKpA20onh8sBQRmU6k8="
    },
    "get-stream": {
      "version": "3.0.0",
      "resolved": "https://registry.npm.taobao.org/get-stream/download/get-stream-3.0.0.tgz",
      "integrity": "sha1-jpQ9E1jcN1VQVOy+LtsFqhdO3hQ="
    },
    "glob": {
      "version": "7.1.6",
      "resolved": "https://registry.npm.taobao.org/glob/download/glob-7.1.6.tgz",
      "integrity": "sha1-FB8zuBp8JJLhJVlDB0gMRmeSeKY=",
      "requires": {
        "fs.realpath": "1.0.0",
        "inflight": "1.0.6",
        "inherits": "2.0.4",
        "minimatch": "3.0.4",
        "once": "1.4.0",
        "path-is-absolute": "1.0.1"
      }
    },
    "glob-parent": {
      "version": "3.1.0",
      "resolved": "https://registry.npm.taobao.org/glob-parent/download/glob-parent-3.1.0.tgz",
      "integrity": "sha1-nmr2KZ2NO9K9QEMIMr0RPfkGxa4=",
      "requires": {
        "is-glob": "3.1.0",
        "path-dirname": "1.0.2"
      }
    },
    "glob-stream": {
      "version": "6.1.0",
      "resolved": "https://registry.npm.taobao.org/glob-stream/download/glob-stream-6.1.0.tgz",
      "integrity": "sha1-cEXJlBOz65SIjYOrRtC0BMx73eQ=",
      "requires": {
        "extend": "3.0.2",
        "glob": "7.1.6",
        "glob-parent": "3.1.0",
        "is-negated-glob": "1.0.0",
        "ordered-read-streams": "1.0.1",
        "pumpify": "1.5.1",
        "readable-stream": "2.3.6",
        "remove-trailing-separator": "1.1.0",
        "to-absolute-glob": "2.0.2",
        "unique-stream": "2.3.1"
      }
    },
    "got": {
      "version": "8.3.2",
      "resolved": "https://registry.npm.taobao.org/got/download/got-8.3.2.tgz",
      "integrity": "sha1-HSP2Q5Dpf3dsrFLluTbl9RTS6Tc=",
      "requires": {
        "@sindresorhus/is": "0.7.0",
        "cacheable-request": "2.1.4",
        "decompress-response": "3.3.0",
        "duplexer3": "0.1.4",
        "get-stream": "3.0.0",
        "into-stream": "3.1.0",
        "is-retry-allowed": "1.2.0",
        "isurl": "1.0.0",
        "lowercase-keys": "1.0.1",
        "mimic-response": "1.0.1",
        "p-cancelable": "0.4.1",
        "p-timeout": "2.0.1",
        "pify": "3.0.0",
        "safe-buffer": "5.1.2",
        "timed-out": "4.0.1",
        "url-parse-lax": "3.0.0",
        "url-to-options": "1.0.1"
      }
    },
    "has-symbol-support-x": {
      "version": "1.4.2",
      "resolved": "https://registry.npm.taobao.org/has-symbol-support-x/download/has-symbol-support-x-1.4.2.tgz",
      "integrity": "sha1-FAn5i8ACR9pF2mfO4KNvKC/yZFU="
    },
    "has-to-string-tag-x": {
      "version": "1.4.1",
      "resolved": "https://registry.npm.taobao.org/has-to-string-tag-x/download/has-to-string-tag-x-1.4.1.tgz?cache=0&other_urls=https%3A%2F%2Fregistry.npm.taobao.org%2Fhas-to-string-tag-x%2Fdownload%2Fhas-to-string-tag-x-1.4.1.tgz",
      "integrity": "sha1-oEWrOD17SyASoAFIqwql8pAETU0=",
      "requires": {
        "has-symbol-support-x": "1.4.2"
      }
    },
    "help-me": {
      "version": "1.1.0",
      "resolved": "https://registry.npm.taobao.org/help-me/download/help-me-1.1.0.tgz",
      "integrity": "sha1-jy1QjQYAtKRW2i8IZVbn5cBWo8Y=",
      "requires": {
        "callback-stream": "1.1.0",
        "glob-stream": "6.1.0",
        "through2": "2.0.5",
        "xtend": "4.0.2"
      }
    },
    "http-cache-semantics": {
      "version": "3.8.1",
      "resolved": "https://registry.npm.taobao.org/http-cache-semantics/download/http-cache-semantics-3.8.1.tgz",
      "integrity": "sha1-ObDhat2bYFvwqe89nar0hDtMrNI="
    },
    "ieee754": {
      "version": "1.1.13",
      "resolved": "https://registry.npm.taobao.org/ieee754/download/ieee754-1.1.13.tgz",
      "integrity": "sha1-7BaFWOlaoYH9h9N/VcMrvLZwi4Q="
    },
    "inflight": {
      "version": "1.0.6",
      "resolved": "https://registry.npm.taobao.org/inflight/download/inflight-1.0.6.tgz",
      "integrity": "sha1-Sb1jMdfQLQwJvJEKEHW6gWW1bfk=",
      "requires": {
        "once": "1.4.0",
        "wrappy": "1.0.2"
      }
    },
    "inherits": {
      "version": "2.0.4",
      "resolved": "https://registry.npm.taobao.org/inherits/download/inherits-2.0.4.tgz?cache=0&sync_timestamp=1560975547815&other_urls=https%3A%2F%2Fregistry.npm.taobao.org%2Finherits%2Fdownload%2Finherits-2.0.4.tgz",
      "integrity": "sha1-D6LGT5MpF8NDOg3tVTY6rjdBa3w="
    },
    "into-stream": {
      "version": "3.1.0",
      "resolved": "https://registry.npm.taobao.org/into-stream/download/into-stream-3.1.0.tgz?cache=0&other_urls=https%3A%2F%2Fregistry.npm.taobao.org%2Finto-stream%2Fdownload%2Finto-stream-3.1.0.tgz",
      "integrity": "sha1-lvsKk2wSur1v8XUqF9BWFqvQlMY=",
      "requires": {
        "from2": "2.3.0",
        "p-is-promise": "1.1.0"
      }
    },
    "is-absolute": {
      "version": "1.0.0",
      "resolved": "https://registry.npm.taobao.org/is-absolute/download/is-absolute-1.0.0.tgz",
      "integrity": "sha1-OV4a6EsR8mrReV5zwXN45IowFXY=",
      "requires": {
        "is-relative": "1.0.0",
        "is-windows": "1.0.2"
      }
    },
    "is-extglob": {
      "version": "2.1.1",
      "resolved": "https://registry.npm.taobao.org/is-extglob/download/is-extglob-2.1.1.tgz",
      "integrity": "sha1-qIwCU1eR8C7TfHahueqXc8gz+MI="
    },
    "is-glob": {
      "version": "3.1.0",
      "resolved": "https://registry.npm.taobao.org/is-glob/download/is-glob-3.1.0.tgz",
      "integrity": "sha1-e6WuJCF4BKxwcHuWkiVnSGzD6Eo=",
      "requires": {
        "is-extglob": "2.1.1"
      }
    },
    "is-nan": {
      "version": "1.3.0",
      "resolved": "https://registry.npm.taobao.org/is-nan/download/is-nan-1.3.0.tgz",
      "integrity": "sha1-hdH1SC9wUcIBn1ZzzOvbBvOw2wM=",
      "requires": {
        "define-properties": "1.1.3"
      }
    },
    "is-negated-glob": {
      "version": "1.0.0",
      "resolved": "https://registry.npm.taobao.org/is-negated-glob/download/is-negated-glob-1.0.0.tgz",
      "integrity": "sha1-aRC8pdqMleeEtXUbl2z1oQ/uNtI="
    },
    "is-object": {
      "version": "1.0.1",
      "resolved": "https://registry.npm.taobao.org/is-object/download/is-object-1.0.1.tgz",
      "integrity": "sha1-iVJojF7C/9awPsyF52ngKQMINHA="
    },
    "is-plain-obj": {
      "version": "1.1.0",
      "resolved": "https://registry.npm.taobao.org/is-plain-obj/download/is-plain-obj-1.1.0.tgz",
      "integrity": "sha1-caUMhCnfync8kqOQpKA7OfzVHT4="
    },
    "is-relative": {
      "version": "1.0.0",
      "resolved": "https://registry.npm.taobao.org/is-relative/download/is-relative-1.0.0.tgz",
      "integrity": "sha1-obtpNc6MXboei5dUubLcwCDiJg0=",
      "requires": {
        "is-unc-path": "1.0.0"
      }
    },
    "is-retry-allowed": {
      "version": "1.2.0",
      "resolved": "https://registry.npm.taobao.org/is-retry-allowed/download/is-retry-allowed-1.2.0.tgz",
      "integrity": "sha1-13hIi9CkZmo76KFIK58rqv7eqLQ="
    },
    "is-unc-path": {
      "version": "1.0.0",
      "resolved": "https://registry.npm.taobao.org/is-unc-path/download/is-unc-path-1.0.0.tgz",
      "integrity": "sha1-1zHoiY7QkKEsNSrS6u1Qla0yLJ0=",
      "requires": {
        "unc-path-regex": "0.1.2"
      }
    },
    "is-windows": {
      "version": "1.0.2",
      "resolved": "https://registry.npm.taobao.org/is-windows/download/is-windows-1.0.2.tgz",
      "integrity": "sha1-0YUOuXkezRjmGCzhKjDzlmNLsZ0="
    },
    "is-wsl": {
      "version": "1.1.0",
      "resolved": "https://registry.npm.taobao.org/is-wsl/download/is-wsl-1.1.0.tgz?cache=0&sync_timestamp=1569219483525&other_urls=https%3A%2F%2Fregistry.npm.taobao.org%2Fis-wsl%2Fdownload%2Fis-wsl-1.1.0.tgz",
      "integrity": "sha1-HxbkqiKwTRM2tmGIpmrzxgDDpm0="
    },
    "isarray": {
      "version": "1.0.0",
      "resolved": "https://registry.npm.taobao.org/isarray/download/isarray-1.0.0.tgz",
      "integrity": "sha1-u5NdSFgsuhaMBoNJV6VKPgcSTxE="
    },
    "isurl": {
      "version": "1.0.0",
      "resolved": "https://registry.npm.taobao.org/isurl/download/isurl-1.0.0.tgz",
      "integrity": "sha1-sn9PSfPNqj6kSgpbfzRi5u3DnWc=",
      "requires": {
        "has-to-string-tag-x": "1.4.1",
        "is-object": "1.0.1"
      }
    },
    "jmespath": {
      "version": "0.15.0",
      "resolved": "https://registry.npm.taobao.org/jmespath/download/jmespath-0.15.0.tgz",
      "integrity": "sha1-o/Iiqarp+Wb10nx5ZRDigJF2Qhc="
    },
    "json-buffer": {
      "version": "3.0.0",
      "resolved": "https://registry.npm.taobao.org/json-buffer/download/json-buffer-3.0.0.tgz",
      "integrity": "sha1-Wx85evx11ne96Lz8Dkfh+aPZqJg="
    },
    "json-stable-stringify-without-jsonify": {
      "version": "1.0.1",
      "resolved": "https://registry.npm.taobao.org/json-stable-stringify-without-jsonify/download/json-stable-stringify-without-jsonify-1.0.1.tgz",
      "integrity": "sha1-nbe1lJatPzz+8wp1FC0tkwrXJlE="
    },
    "keyv": {
      "version": "3.0.0",
      "resolved": "https://registry.npm.taobao.org/keyv/download/keyv-3.0.0.tgz?cache=0&sync_timestamp=1573884297378&other_urls=https%3A%2F%2Fregistry.npm.taobao.org%2Fkeyv%2Fdownload%2Fkeyv-3.0.0.tgz",
      "integrity": "sha1-RJI7o55osSp87H32wyaMAx8u83M=",
      "requires": {
        "json-buffer": "3.0.0"
      }
    },
    "leven": {
      "version": "2.1.0",
      "resolved": "https://registry.npm.taobao.org/leven/download/leven-2.1.0.tgz",
      "integrity": "sha1-wuep93IJTe6dNCAq6KzORoeHVYA="
    },
    "lighthouse-logger": {
      "version": "1.2.0",
      "resolved": "https://registry.npm.taobao.org/lighthouse-logger/download/lighthouse-logger-1.2.0.tgz",
      "integrity": "sha1-t21Wk16cE36GoEdB9rubJ3bohso=",
      "requires": {
        "debug": "2.6.9",
        "marky": "1.2.1"
      }
    },
    "long-timeout": {
      "version": "0.1.1",
      "resolved": "https://registry.npm.taobao.org/long-timeout/download/long-timeout-0.1.1.tgz",
      "integrity": "sha1-lyHXiLR+C8taJMLivuGg2lXatRQ="
    },
    "lowercase-keys": {
      "version": "1.0.1",
      "resolved": "https://registry.npm.taobao.org/lowercase-keys/download/lowercase-keys-1.0.1.tgz",
      "integrity": "sha1-b54wtHCE2XGnyCD/FabFFnt0wm8="
    },
    "marky": {
      "version": "1.2.1",
      "resolved": "https://registry.npm.taobao.org/marky/download/marky-1.2.1.tgz",
      "integrity": "sha1-o/z4L/01d1a4uK/+yf2/OjDcGwI="
    },
    "mime-db": {
      "version": "1.42.0",
      "resolved": "https://registry.npm.taobao.org/mime-db/download/mime-db-1.42.0.tgz",
      "integrity": "sha1-PiUpB7THrbkGWXtLZWNics+ee6w="
    },
    "mime-types": {
      "version": "2.1.25",
      "resolved": "https://registry.npm.taobao.org/mime-types/download/mime-types-2.1.25.tgz",
      "integrity": "sha1-OXctRmIfk+KoCoVsU7hqYhVqZDc=",
      "requires": {
        "mime-db": "1.42.0"
      }
    },
    "mimic-response": {
      "version": "1.0.1",
      "resolved": "https://registry.npm.taobao.org/mimic-response/download/mimic-response-1.0.1.tgz",
      "integrity": "sha1-SSNTiHju9CBjy4o+OweYeBSHqxs="
    },
    "minimatch": {
      "version": "3.0.4",
      "resolved": "https://registry.npm.taobao.org/minimatch/download/minimatch-3.0.4.tgz",
      "integrity": "sha1-UWbihkV/AzBgZL5Ul+jbsMPTIIM=",
      "requires": {
        "brace-expansion": "1.1.11"
      }
    },
    "minimist": {
      "version": "0.0.8",
      "resolved": "https://registry.npm.taobao.org/minimist/download/minimist-0.0.8.tgz",
      "integrity": "sha1-hX/Kv8M5fSYluCKCYuhqp6ARsF0="
    },
    "mkdirp": {
      "version": "0.5.1",
      "resolved": "https://registry.npm.taobao.org/mkdirp/download/mkdirp-0.5.1.tgz",
      "integrity": "sha1-MAV0OOrGz3+MR2fzhkjWaX11yQM=",
      "requires": {
        "minimist": "0.0.8"
      }
    },
    "moment": {
      "version": "2.24.0",
      "resolved": "https://registry.npm.taobao.org/moment/download/moment-2.24.0.tgz?cache=0&other_urls=https%3A%2F%2Fregistry.npm.taobao.org%2Fmoment%2Fdownload%2Fmoment-2.24.0.tgz",
      "integrity": "sha1-DQVdU/UFKqZTyfbraLtdEr9cK1s="
    },
    "moment-timezone": {
      "version": "0.5.27",
      "resolved": "https://registry.npm.taobao.org/moment-timezone/download/moment-timezone-0.5.27.tgz",
      "integrity": "sha1-c63sgTm2/jBFLnjyEPJ7HzRriHc=",
      "requires": {
        "moment": "2.24.0"
      }
    },
    "mqtt": {
      "version": "2.18.8",
      "resolved": "https://registry.npm.taobao.org/mqtt/download/mqtt-2.18.8.tgz",
      "integrity": "sha1-nSE8yrkhUazPsh7owIYNxoZqslk=",
      "requires": {
        "commist": "1.1.0",
        "concat-stream": "1.6.2",
        "end-of-stream": "1.4.4",
        "es6-map": "0.1.5",
        "help-me": "1.1.0",
        "inherits": "2.0.4",
        "minimist": "1.2.0",
        "mqtt-packet": "5.6.1",
        "pump": "3.0.0",
        "readable-stream": "2.3.6",
        "reinterval": "1.1.0",
        "split2": "2.2.0",
        "websocket-stream": "5.5.0",
        "xtend": "4.0.2"
      },
      "dependencies": {
        "minimist": {
          "version": "1.2.0",
          "resolved": "https://registry.npm.taobao.org/minimist/download/minimist-1.2.0.tgz",
          "integrity": "sha1-o1AIsg9BOD7sH7kU9M1d95omQoQ="
        }
      }
    },
    "mqtt-packet": {
      "version": "5.6.1",
      "resolved": "https://registry.npm.taobao.org/mqtt-packet/download/mqtt-packet-5.6.1.tgz",
      "integrity": "sha1-jsr84JH1r0YGZCaKIrIgkciRX3s=",
      "requires": {
        "bl": "1.2.2",
        "inherits": "2.0.4",
        "process-nextick-args": "2.0.1",
        "safe-buffer": "5.1.2"
      }
    },
    "ms": {
      "version": "2.0.0",
      "resolved": "https://registry.npm.taobao.org/ms/download/ms-2.0.0.tgz",
      "integrity": "sha1-VgiurfwAvmwpAd9fmGF4jeDVl8g="
    },
    "next-tick": {
      "version": "1.0.0",
      "resolved": "https://registry.npm.taobao.org/next-tick/download/next-tick-1.0.0.tgz",
      "integrity": "sha1-yobR/ogoFpsBICCOPchCS524NCw="
    },
    "node-schedule": {
      "version": "1.3.2",
      "resolved": "https://registry.npm.taobao.org/node-schedule/download/node-schedule-1.3.2.tgz",
      "integrity": "sha1-13Szg+Km9q3lnuzGIlSuoHzXWMs=",
      "requires": {
        "cron-parser": "2.13.0",
        "long-timeout": "0.1.1",
        "sorted-array-functions": "1.2.0"
      }
    },
    "normalize-url": {
      "version": "2.0.1",
      "resolved": "https://registry.npm.taobao.org/normalize-url/download/normalize-url-2.0.1.tgz?cache=0&other_urls=https%3A%2F%2Fregistry.npm.taobao.org%2Fnormalize-url%2Fdownload%2Fnormalize-url-2.0.1.tgz",
      "integrity": "sha1-g1qdoVUfom9w6SMpBpojqmV01+Y=",
      "requires": {
        "prepend-http": "2.0.0",
        "query-string": "5.1.1",
        "sort-keys": "2.0.0"
      }
    },
    "object-assign": {
      "version": "4.1.1",
      "resolved": "https://registry.npm.taobao.org/object-assign/download/object-assign-4.1.1.tgz",
      "integrity": "sha1-IQmtx5ZYh8/AXLvUQsrIv7s2CGM="
    },
    "object-keys": {
      "version": "1.1.1",
      "resolved": "https://registry.npm.taobao.org/object-keys/download/object-keys-1.1.1.tgz",
      "integrity": "sha1-HEfyct8nfzsdrwYWd9nILiMixg4="
    },
    "once": {
      "version": "1.4.0",
      "resolved": "https://registry.npm.taobao.org/once/download/once-1.4.0.tgz",
      "integrity": "sha1-WDsap3WWHUsROsF9nFC6753Xa9E=",
      "requires": {
        "wrappy": "1.0.2"
      }
    },
    "ordered-read-streams": {
      "version": "1.0.1",
      "resolved": "https://registry.npm.taobao.org/ordered-read-streams/download/ordered-read-streams-1.0.1.tgz",
      "integrity": "sha1-d8DLN8QVJdZBZtmQ/61+xqDhNj4=",
      "requires": {
        "readable-stream": "2.3.6"
      }
    },
    "p-cancelable": {
      "version": "0.4.1",
      "resolved": "https://registry.npm.taobao.org/p-cancelable/download/p-cancelable-0.4.1.tgz",
      "integrity": "sha1-NfNj1n1SCByNlYXje8zrfgu8sqA="
    },
    "p-finally": {
      "version": "1.0.0",
      "resolved": "https://registry.npm.taobao.org/p-finally/download/p-finally-1.0.0.tgz",
      "integrity": "sha1-P7z7FbiZpEEjs0ttzBi3JDNqLK4="
    },
    "p-is-promise": {
      "version": "1.1.0",
      "resolved": "https://registry.npm.taobao.org/p-is-promise/download/p-is-promise-1.1.0.tgz",
      "integrity": "sha1-nJRWmJ6fZYgBewQ01WCXZ1w9oF4="
    },
    "p-timeout": {
      "version": "2.0.1",
      "resolved": "https://registry.npm.taobao.org/p-timeout/download/p-timeout-2.0.1.tgz",
      "integrity": "sha1-2N0ZeVldLcATnh/ka4tkbLPN8Dg=",
      "requires": {
        "p-finally": "1.0.0"
      }
    },
    "path-dirname": {
      "version": "1.0.2",
      "resolved": "https://registry.npm.taobao.org/path-dirname/download/path-dirname-1.0.2.tgz",
      "integrity": "sha1-zDPSTVJeCZpTiMAzbG4yuRYGCeA="
    },
    "path-is-absolute": {
      "version": "1.0.1",
      "resolved": "https://registry.npm.taobao.org/path-is-absolute/download/path-is-absolute-1.0.1.tgz",
      "integrity": "sha1-F0uSaHNVNP+8es5r9TpanhtcX18="
    },
    "pify": {
      "version": "3.0.0",
      "resolved": "https://registry.npm.taobao.org/pify/download/pify-3.0.0.tgz",
      "integrity": "sha1-5aSs0sEB/fPZpNB/DbxNtJ3SgXY="
    },
    "prepend-http": {
      "version": "2.0.0",
      "resolved": "https://registry.npm.taobao.org/prepend-http/download/prepend-http-2.0.0.tgz",
      "integrity": "sha1-6SQ0v6XqjBn0HN/UAddBo8gZ2Jc="
    },
    "process-nextick-args": {
      "version": "2.0.1",
      "resolved": "https://registry.npm.taobao.org/process-nextick-args/download/process-nextick-args-2.0.1.tgz",
      "integrity": "sha1-eCDZsWEgzFXKmud5JoCufbptf+I="
    },
    "pump": {
      "version": "3.0.0",
      "resolved": "https://registry.npm.taobao.org/pump/download/pump-3.0.0.tgz",
      "integrity": "sha1-tKIRaBW94vTh6mAjVOjHVWUQemQ=",
      "requires": {
        "end-of-stream": "1.4.4",
        "once": "1.4.0"
      }
    },
    "pumpify": {
      "version": "1.5.1",
      "resolved": "https://registry.npm.taobao.org/pumpify/download/pumpify-1.5.1.tgz?cache=0&sync_timestamp=1569938104994&other_urls=https%3A%2F%2Fregistry.npm.taobao.org%2Fpumpify%2Fdownload%2Fpumpify-1.5.1.tgz",
      "integrity": "sha1-NlE74karJ1cLGjdKXOJ4v9dDcM4=",
      "requires": {
        "duplexify": "3.7.1",
        "inherits": "2.0.4",
        "pump": "2.0.1"
      },
      "dependencies": {
        "pump": {
          "version": "2.0.1",
          "resolved": "https://registry.npm.taobao.org/pump/download/pump-2.0.1.tgz",
          "integrity": "sha1-Ejma3W5M91Jtlzy8i1zi4pCLOQk=",
          "requires": {
            "end-of-stream": "1.4.4",
            "once": "1.4.0"
          }
        }
      }
    },
    "punycode": {
      "version": "1.3.2",
      "resolved": "https://registry.npm.taobao.org/punycode/download/punycode-1.3.2.tgz",
      "integrity": "sha1-llOgNvt8HuQjQvIyXM7v6jkmxI0="
    },
    "query-string": {
      "version": "5.1.1",
      "resolved": "https://registry.npm.taobao.org/query-string/download/query-string-5.1.1.tgz",
      "integrity": "sha1-p4wBK3HBfgXy4/ojGd0zBoLvs8s=",
      "requires": {
        "decode-uri-component": "0.2.0",
        "object-assign": "4.1.1",
        "strict-uri-encode": "1.1.0"
      }
    },
    "querystring": {
      "version": "0.2.0",
      "resolved": "https://registry.npm.taobao.org/querystring/download/querystring-0.2.0.tgz",
      "integrity": "sha1-sgmEkgO7Jd+CDadW50cAWHhSFiA="
    },
    "readable-stream": {
      "version": "2.3.6",
      "resolved": "https://registry.npm.taobao.org/readable-stream/download/readable-stream-2.3.6.tgz",
      "integrity": "sha1-sRwn2IuP8fvgcGQ8+UsMea4bCq8=",
      "requires": {
        "core-util-is": "1.0.2",
        "inherits": "2.0.4",
        "isarray": "1.0.0",
        "process-nextick-args": "2.0.1",
        "safe-buffer": "5.1.2",
        "string_decoder": "1.1.1",
        "util-deprecate": "1.0.2"
      }
    },
    "reinterval": {
      "version": "1.1.0",
      "resolved": "https://registry.npm.taobao.org/reinterval/download/reinterval-1.1.0.tgz",
      "integrity": "sha1-M2Hs+jymwYKDOA3Qu5VG85D17Oc="
    },
    "remove-trailing-separator": {
      "version": "1.1.0",
      "resolved": "https://registry.npm.taobao.org/remove-trailing-separator/download/remove-trailing-separator-1.1.0.tgz",
      "integrity": "sha1-wkvOKig62tW8P1jg1IJJuSN52O8="
    },
    "responselike": {
      "version": "1.0.2",
      "resolved": "https://registry.npm.taobao.org/responselike/download/responselike-1.0.2.tgz?cache=0&sync_timestamp=1570573217730&other_urls=https%3A%2F%2Fregistry.npm.taobao.org%2Fresponselike%2Fdownload%2Fresponselike-1.0.2.tgz",
      "integrity": "sha1-kYcg7ztjHFZCvgaPFa3lpG9Loec=",
      "requires": {
        "lowercase-keys": "1.0.1"
      }
    },
    "rimraf": {
      "version": "2.7.1",
      "resolved": "https://registry.npm.taobao.org/rimraf/download/rimraf-2.7.1.tgz",
      "integrity": "sha1-NXl/E6f9rcVmFCwp1PB8ytSD4+w=",
      "requires": {
        "glob": "7.1.6"
      }
    },
    "safe-buffer": {
      "version": "5.1.2",
      "resolved": "https://registry.npm.taobao.org/safe-buffer/download/safe-buffer-5.1.2.tgz",
      "integrity": "sha1-mR7GnSluAxN0fVm9/St0XDX4go0="
    },
    "sax": {
      "version": "1.2.1",
      "resolved": "https://registry.npm.taobao.org/sax/download/sax-1.2.1.tgz",
      "integrity": "sha1-e45lYZCyKOgaZq6nSEgNgozS03o="
    },
    "sort-keys": {
      "version": "2.0.0",
      "resolved": "https://registry.npm.taobao.org/sort-keys/download/sort-keys-2.0.0.tgz",
      "integrity": "sha1-ZYU1WEhh7JfXMNbPQYIuH1ZoQSg=",
      "requires": {
        "is-plain-obj": "1.1.0"
      }
    },
    "sorted-array-functions": {
      "version": "1.2.0",
      "resolved": "https://registry.npm.taobao.org/sorted-array-functions/download/sorted-array-functions-1.2.0.tgz",
      "integrity": "sha1-QyZbIdbphbffMWIbHBHMaNjvx8M="
    },
    "split2": {
      "version": "2.2.0",
      "resolved": "https://registry.npm.taobao.org/split2/download/split2-2.2.0.tgz",
      "integrity": "sha1-GGsldbz4PoW30YRldWI47k7kJJM=",
      "requires": {
        "through2": "2.0.5"
      }
    },
    "stream-shift": {
      "version": "1.0.1",
      "resolved": "https://registry.npm.taobao.org/stream-shift/download/stream-shift-1.0.1.tgz?cache=0&sync_timestamp=1576147178936&other_urls=https%3A%2F%2Fregistry.npm.taobao.org%2Fstream-shift%2Fdownload%2Fstream-shift-1.0.1.tgz",
      "integrity": "sha1-1wiCgVWasneEJCebCHfaPDktWj0="
    },
    "strict-uri-encode": {
      "version": "1.1.0",
      "resolved": "https://registry.npm.taobao.org/strict-uri-encode/download/strict-uri-encode-1.1.0.tgz",
      "integrity": "sha1-J5siXfHVgrH1TmWt3UNS4Y+qBxM="
    },
    "string_decoder": {
      "version": "1.1.1",
      "resolved": "https://registry.npm.taobao.org/string_decoder/download/string_decoder-1.1.1.tgz?cache=0&sync_timestamp=1565170823020&other_urls=https%3A%2F%2Fregistry.npm.taobao.org%2Fstring_decoder%2Fdownload%2Fstring_decoder-1.1.1.tgz",
      "integrity": "sha1-nPFhG6YmhdcDCunkujQUnDrwP8g=",
      "requires": {
        "safe-buffer": "5.1.2"
      }
    },
    "through2": {
      "version": "2.0.5",
      "resolved": "https://registry.npm.taobao.org/through2/download/through2-2.0.5.tgz",
      "integrity": "sha1-AcHjnrMdB8t9A6lqcIIyYLIxMs0=",
      "requires": {
        "readable-stream": "2.3.6",
        "xtend": "4.0.2"
      }
    },
    "through2-filter": {
      "version": "3.0.0",
      "resolved": "https://registry.npm.taobao.org/through2-filter/download/through2-filter-3.0.0.tgz",
      "integrity": "sha1-cA54bfI2fCyIzYqlvkz5weeDElQ=",
      "requires": {
        "through2": "2.0.5",
        "xtend": "4.0.2"
      }
    },
    "timed-out": {
      "version": "4.0.1",
      "resolved": "https://registry.npm.taobao.org/timed-out/download/timed-out-4.0.1.tgz",
      "integrity": "sha1-8y6srFoXW+ol1/q1Zas+2HQe9W8="
    },
    "to-absolute-glob": {
      "version": "2.0.2",
      "resolved": "https://registry.npm.taobao.org/to-absolute-glob/download/to-absolute-glob-2.0.2.tgz",
      "integrity": "sha1-GGX0PZ50sIItufFFt4z/fQ98hJs=",
      "requires": {
        "is-absolute": "1.0.0",
        "is-negated-glob": "1.0.0"
      }
    },
    "type": {
      "version": "1.2.0",
      "resolved": "https://registry.npm.taobao.org/type/download/type-1.2.0.tgz",
      "integrity": "sha1-hI3XaY2vo+VKbEeedZxLw/GIR6A="
    },
    "typedarray": {
      "version": "0.0.6",
      "resolved": "https://registry.npm.taobao.org/typedarray/download/typedarray-0.0.6.tgz",
      "integrity": "sha1-hnrHTjhkGHsdPUfZlqeOxciDB3c="
    },
    "ultron": {
      "version": "1.1.1",
      "resolved": "https://registry.npm.taobao.org/ultron/download/ultron-1.1.1.tgz",
      "integrity": "sha1-n+FTahCmZKZSZqHjzPhf02MCvJw="
    },
    "unc-path-regex": {
      "version": "0.1.2",
      "resolved": "https://registry.npm.taobao.org/unc-path-regex/download/unc-path-regex-0.1.2.tgz",
      "integrity": "sha1-5z3T17DXxe2G+6xrCufYxqadUPo="
    },
    "unique-stream": {
      "version": "2.3.1",
      "resolved": "https://registry.npm.taobao.org/unique-stream/download/unique-stream-2.3.1.tgz",
      "integrity": "sha1-xl0RDppK35psWUiygFPZqNBMvqw=",
      "requires": {
        "json-stable-stringify-without-jsonify": "1.0.1",
        "through2-filter": "3.0.0"
      }
    },
    "url": {
      "version": "0.10.3",
      "resolved": "https://registry.npm.taobao.org/url/download/url-0.10.3.tgz",
      "integrity": "sha1-Ah5NnHcF8hu/N9A861h2dAJ3TGQ=",
      "requires": {
        "punycode": "1.3.2",
        "querystring": "0.2.0"
      }
    },
    "url-parse-lax": {
      "version": "3.0.0",
      "resolved": "https://registry.npm.taobao.org/url-parse-lax/download/url-parse-lax-3.0.0.tgz",
      "integrity": "sha1-FrXK/Afb42dsGxmZF3gj1lA6yww=",
      "requires": {
        "prepend-http": "2.0.0"
      }
    },
    "url-to-options": {
      "version": "1.0.1",
      "resolved": "https://registry.npm.taobao.org/url-to-options/download/url-to-options-1.0.1.tgz",
      "integrity": "sha1-FQWgOiiaSMvXpDTvuu7FBV9WM6k="
    },
    "util-deprecate": {
      "version": "1.0.2",
      "resolved": "https://registry.npm.taobao.org/util-deprecate/download/util-deprecate-1.0.2.tgz",
      "integrity": "sha1-RQ1Nyfpw3nMnYvvS1KKJgUGaDM8="
    },
    "uuid": {
      "version": "3.3.2",
      "resolved": "https://registry.npm.taobao.org/uuid/download/uuid-3.3.2.tgz",
      "integrity": "sha1-G0r0lV6zB3xQHCOHL8ZROBFYcTE="
    },
    "websocket-stream": {
      "version": "5.5.0",
      "resolved": "https://registry.npm.taobao.org/websocket-stream/download/websocket-stream-5.5.0.tgz",
      "integrity": "sha1-mCfyhG/A0rTcp6q4+SmAslSLho4=",
      "requires": {
        "duplexify": "3.7.1",
        "inherits": "2.0.4",
        "readable-stream": "2.3.6",
        "safe-buffer": "5.1.2",
        "ws": "3.3.3",
        "xtend": "4.0.2"
      }
    },
    "wrappy": {
      "version": "1.0.2",
      "resolved": "https://registry.npm.taobao.org/wrappy/download/wrappy-1.0.2.tgz",
      "integrity": "sha1-tSQ9jz7BqjXxNkYFvA0QNuMKtp8="
    },
    "ws": {
      "version": "3.3.3",
      "resolved": "https://registry.npm.taobao.org/ws/download/ws-3.3.3.tgz?cache=0&other_urls=https%3A%2F%2Fregistry.npm.taobao.org%2Fws%2Fdownload%2Fws-3.3.3.tgz",
      "integrity": "sha1-8c+E/i1ekB686U767OeF8YeiKPI=",
      "requires": {
        "async-limiter": "1.0.1",
        "safe-buffer": "5.1.2",
        "ultron": "1.1.1"
      }
    },
    "xml2js": {
      "version": "0.4.19",
      "resolved": "https://registry.npm.taobao.org/xml2js/download/xml2js-0.4.19.tgz?cache=0&sync_timestamp=1576775965247&other_urls=https%3A%2F%2Fregistry.npm.taobao.org%2Fxml2js%2Fdownload%2Fxml2js-0.4.19.tgz",
      "integrity": "sha1-aGwg8hMgnpSr8NG88e+qKRx4J6c=",
      "requires": {
        "sax": "1.2.1",
        "xmlbuilder": "9.0.7"
      }
    },
    "xmlbuilder": {
      "version": "9.0.7",
      "resolved": "https://registry.npm.taobao.org/xmlbuilder/download/xmlbuilder-9.0.7.tgz",
      "integrity": "sha1-Ey7mPS7FVlxVfiD0wi35rKaGsQ0="
    },
    "xtend": {
      "version": "4.0.2",
      "resolved": "https://registry.npm.taobao.org/xtend/download/xtend-4.0.2.tgz",
      "integrity": "sha1-u3J3n1+kZRhrH0OPZ0+jR/2121Q="
    }
  }
}
